<?xml version="1.0" encoding="utf-8"?>
<Project ToolsVersion="4.0" xmlns="http://schemas.microsoft.com/developer/msbuild/2003">
  <ItemGroup>
    <Filter Include="리소스 파일">
      <UniqueIdentifier>{67DA6AB6-F800-4c08-8B7A-83BB121AAD01}</UniqueIdentifier>
      <Extensions>rc;ico;cur;bmp;dlg;rc2;rct;bin;rgs;gif;jpg;jpeg;jpe;resx;tiff;tif;png;wav;mfcribbon-ms</Extensions>
    </Filter>
    <Filter Include="메인 파일">
      <UniqueIdentifier>{4408b5d5-7e0d-4544-a9ea-83fe32eef11b}</UniqueIdentifier>
    </Filter>
    <Filter Include="프레임워크 소스 파일">
      <UniqueIdentifier>{5e600b18-bf8e-4b91-93ee-ab2607b75789}</UniqueIdentifier>
    </Filter>
    <Filter Include="프레임워크 헤더 파일">
      <UniqueIdentifier>{ed4b91f6-d8dc-422f-a510-b60386d5da32}</UniqueIdentifier>
    </Filter>
    <Filter Include="게임 소스 파일">
      <UniqueIdentifier>{4FC737F1-C7A5-4376-A066-2A32D752A2FF}</UniqueIdentifier>
      <Extensions>cpp;c;cc;cxx;def;odl;idl;hpj;bat;asm;asmx</Extensions>
    </Filter>
    <Filter Include="게임 헤더 파일">
      <UniqueIdentifier>{93995380-89BD-4b04-88EB-625FBE52EBFB}</UniqueIdentifier>
      <Extensions>h;hh;hpp;hxx;hm;inl;inc;xsd</Extensions>
    </Filter>
  </ItemGroup>
  <ItemGroup>
    <Text Include="ReadMe.txt" />
  </ItemGroup>
  <ItemGroup>
    <ClInclude Include="Resource.h">
      <Filter>메인 파일</Filter>
    </ClInclude>
    <ClInclude Include="Lossy.h">
      <Filter>메인 파일</Filter>
    </ClInclude>
    <ClInclude Include="stdafx.h">
      <Filter>메인 파일</Filter>
    </ClInclude>
    <ClInclude Include="targetver.h">
      <Filter>메인 파일</Filter>
    </ClInclude>
    <ClInclude Include="Game.h">
      <Filter>프레임워크 헤더 파일</Filter>
    </ClInclude>
    <ClInclude Include="GameMath.h">
      <Filter>프레임워크 헤더 파일</Filter>
    </ClInclude>
    <ClInclude Include="GameObject.h">
      <Filter>프레임워크 헤더 파일</Filter>
    </ClInclude>
    <ClInclude Include="GameTime.h">
      <Filter>프레임워크 헤더 파일</Filter>
    </ClInclude>
    <ClInclude Include="Stopwatch.h">
      <Filter>프레임워크 헤더 파일</Filter>
    </ClInclude>
    <ClInclude Include="Bullet.h">
      <Filter>게임 헤더 파일</Filter>
    </ClInclude>
    <ClInclude Include="DrawManager.h">
      <Filter>프레임워크 헤더 파일</Filter>
    </ClInclude>
    <ClInclude Include="LossyGame.h">
      <Filter>게임 헤더 파일</Filter>
    </ClInclude>
    <ClInclude Include="BulletManager.h">
      <Filter>게임 헤더 파일</Filter>
    </ClInclude>
    <ClInclude Include="Scene.h">
      <Filter>프레임워크 헤더 파일</Filter>
    </ClInclude>
    <ClInclude Include="SceneManager.h">
      <Filter>프레임워크 헤더 파일</Filter>
    </ClInclude>
    <ClInclude Include="Sprite.h">
      <Filter>게임 헤더 파일</Filter>
    </ClInclude>
    <ClInclude Include="SpriteAnimation.h">
      <Filter>게임 헤더 파일</Filter>
    </ClInclude>
    <ClInclude Include="Background.h">
      <Filter>게임 헤더 파일</Filter>
    </ClInclude>
    <ClInclude Include="GameScene.h">
      <Filter>게임 헤더 파일</Filter>
    </ClInclude>
    <ClInclude Include="PlayerObject.h">
      <Filter>게임 헤더 파일</Filter>
    </ClInclude>
    <ClInclude Include="BossObject.h">
      <Filter>게임 헤더 파일</Filter>
    </ClInclude>
    <ClInclude Include="xnamath.h">
      <Filter>프레임워크 헤더 파일</Filter>
    </ClInclude>
    <ClInclude Include="StatusBar.h">
      <Filter>게임 헤더 파일</Filter>
    </ClInclude>
  </ItemGroup>
  <ItemGroup>
    <ClCompile Include="Lossy.cpp">
      <Filter>메인 파일</Filter>
    </ClCompile>
    <ClCompile Include="stdafx.cpp">
      <Filter>메인 파일</Filter>
    </ClCompile>
    <ClCompile Include="Stopwatch.cpp">
      <Filter>프레임워크 소스 파일</Filter>
    </ClCompile>
    <ClCompile Include="GameTime.cpp">
      <Filter>프레임워크 소스 파일</Filter>
    </ClCompile>
    <ClCompile Include="GameObject.cpp">
      <Filter>프레임워크 소스 파일</Filter>
    </ClCompile>
    <ClCompile Include="Game.cpp">
      <Filter>프레임워크 소스 파일</Filter>
    </ClCompile>
    <ClCompile Include="Bullet.cpp">
      <Filter>게임 소스 파일</Filter>
    </ClCompile>
    <ClCompile Include="DrawManager.cpp">
      <Filter>프레임워크 소스 파일</Filter>
    </ClCompile>
    <ClCompile Include="LossyGame.cpp">
      <Filter>게임 소스 파일</Filter>
    </ClCompile>
    <ClCompile Include="BulletManager.cpp">
      <Filter>게임 소스 파일</Filter>
    </ClCompile>
    <ClCompile Include="Scene.cpp">
      <Filter>프레임워크 소스 파일</Filter>
    </ClCompile>
    <ClCompile Include="SceneManager.cpp">
      <Filter>프레임워크 소스 파일</Filter>
    </ClCompile>
    <ClCompile Include="Sprite.cpp">
      <Filter>게임 소스 파일</Filter>
    </ClCompile>
    <ClCompile Include="SpriteAnimation.cpp">
      <Filter>게임 소스 파일</Filter>
    </ClCompile>
    <ClCompile Include="Background.cpp">
      <Filter>게임 소스 파일</Filter>
    </ClCompile>
    <ClCompile Include="GameScene.cpp">
      <Filter>게임 소스 파일</Filter>
    </ClCompile>
    <ClCompile Include="PlayerObject.cpp">
      <Filter>게임 소스 파일</Filter>
    </ClCompile>
    <ClCompile Include="BossObject.cpp">
      <Filter>게임 소스 파일</Filter>
    </ClCompile>
    <ClCompile Include="StatusBar.cpp">
      <Filter>게임 소스 파일</Filter>
    </ClCompile>
  </ItemGroup>
  <ItemGroup>
    <ResourceCompile Include="Lossy.rc">
      <Filter>리소스 파일</Filter>
    </ResourceCompile>
  </ItemGroup>
  <ItemGroup>
    <Image Include="small.ico">
      <Filter>리소스 파일</Filter>
    </Image>
    <Image Include="Lossy.ico">
      <Filter>리소스 파일</Filter>
    </Image>
    <Image Include="..\..\..\..\..\Pictures\test.bmp">
      <Filter>리소스 파일</Filter>
    </Image>
    <Image Include="..\Bullet.bmp">
      <Filter>리소스 파일</Filter>
    </Image>
    <Image Include="..\background1.bmp">
      <Filter>리소스 파일</Filter>
    </Image>
    <Image Include="..\background2.bmp">
      <Filter>리소스 파일</Filter>
    </Image>
    <Image Include="..\Player.bmp">
      <Filter>리소스 파일</Filter>
    </Image>
    <Image Include="..\PBullet.bmp">
      <Filter>리소스 파일</Filter>
    </Image>
    <Image Include="..\GIF.bmp">
      <Filter>리소스 파일</Filter>
    </Image>
    <Image Include="..\StatusBar.bmp">
      <Filter>리소스 파일</Filter>
    </Image>
  </ItemGroup>
  <ItemGroup>
    <None Include="ClassDiagram.cd" />
    <None Include="xnamathconvert.inl">
      <Filter>프레임워크 헤더 파일</Filter>
    </None>
    <None Include="xnamathmatrix.inl">
      <Filter>프레임워크 헤더 파일</Filter>
    </None>
    <None Include="xnamathmisc.inl">
      <Filter>프레임워크 헤더 파일</Filter>
    </None>
    <None Include="xnamathvector.inl">
      <Filter>프레임워크 헤더 파일</Filter>
    </None>
  </ItemGroup>
</Project>